#MicroXplorer Configuration settings - do not modify
CAD.formats=
CAD.pinconfig=
CAD.provider=
File.Version=6
KeepUserPlacement=false
LPUART1.BaudRate=115200
LPUART1.IPParameters=BaudRate,WordLength
LPUART1.WordLength=UART_WORDLENGTH_8B
Mcu.CPN=STM32L496ZGT3
Mcu.Family=STM32L4
Mcu.IP0=LPUART1
Mcu.IP1=NVIC
Mcu.IP2=RCC
Mcu.IP3=SPI1
Mcu.IP4=SYS
Mcu.IP5=TIM1
Mcu.IP6=TIM2
Mcu.IP7=TIM16
Mcu.IP8=USART3
Mcu.IPNb=9
Mcu.Name=STM32L496Z(E-G)Tx
Mcu.Package=LQFP144
Mcu.Pin0=PC13
Mcu.Pin1=PC0
Mcu.Pin10=PB14
Mcu.Pin11=PD8
Mcu.Pin12=PD9
Mcu.Pin13=PG7
Mcu.Pin14=PG8
Mcu.Pin15=PC7
Mcu.Pin16=PA13 (JTMS/SWDIO)
Mcu.Pin17=PA14 (JTCK/SWCLK)
Mcu.Pin18=PB3 (JTDO/TRACESWO)
Mcu.Pin19=PB7
Mcu.Pin2=PA3
Mcu.Pin20=PE0
Mcu.Pin21=VP_SYS_VS_Systick
Mcu.Pin22=VP_TIM16_VS_ClockSourceINT
Mcu.Pin23=VP_STMicroelectronics.X-CUBE-BLE2_VS_WirelessJjBlueNRGAa2_3.3.0
Mcu.Pin3=PA5
Mcu.Pin4=PA6
Mcu.Pin5=PA7
Mcu.Pin6=PF13
Mcu.Pin7=PE14
Mcu.Pin8=PB10
Mcu.Pin9=PB11
Mcu.PinsNb=24
Mcu.ThirdParty0=STMicroelectronics.X-CUBE-BLE2.3.3.0
Mcu.ThirdPartyNb=1
Mcu.UserConstants=
Mcu.UserName=STM32L496ZGTx
MxCube.Version=6.12.1
MxDb.Version=DB.6.0.121
NVIC.BusFault_IRQn=true\:0\:0\:false\:false\:true\:false\:false\:false
NVIC.DebugMonitor_IRQn=true\:0\:0\:false\:false\:true\:false\:false\:false
NVIC.EXTI15_10_IRQn=true\:0\:0\:false\:false\:true\:true\:true\:true
NVIC.EXTI3_IRQn=true\:0\:0\:false\:false\:true\:true\:true\:true
NVIC.ForceEnableDMAVector=true
NVIC.HardFault_IRQn=true\:0\:0\:false\:false\:true\:false\:false\:false
NVIC.MemoryManagement_IRQn=true\:0\:0\:false\:false\:true\:false\:false\:false
NVIC.NonMaskableInt_IRQn=true\:0\:0\:false\:false\:true\:false\:false\:false
NVIC.PendSV_IRQn=true\:0\:0\:false\:false\:true\:false\:false\:false
NVIC.PriorityGroup=NVIC_PRIORITYGROUP_4
NVIC.SVCall_IRQn=true\:0\:0\:false\:false\:true\:false\:false\:false
NVIC.SysTick_IRQn=true\:15\:0\:false\:false\:true\:false\:true\:false
NVIC.UsageFault_IRQn=true\:0\:0\:false\:false\:true\:false\:false\:false
PA13\ (JTMS/SWDIO).Mode=Trace_Asynchronous_SW
PA13\ (JTMS/SWDIO).Signal=SYS_JTMS-SWDIO
PA14\ (JTCK/SWCLK).Mode=Trace_Asynchronous_SW
PA14\ (JTCK/SWCLK).Signal=SYS_JTCK-SWCLK
PA3.Locked=true
PA3.Signal=GPXTI3
PA5.Locked=true
PA5.Mode=Full_Duplex_Master
PA5.Signal=SPI1_SCK
PA6.Mode=Full_Duplex_Master
PA6.Signal=SPI1_MISO
PA7.Mode=Full_Duplex_Master
PA7.Signal=SPI1_MOSI
PB10.Locked=true
PB10.Signal=S_TIM2_CH3
PB11.Locked=true
PB11.Signal=S_TIM2_CH4
PB14.GPIOParameters=GPIO_Label
PB14.GPIO_Label=LD3[Red]
PB14.Locked=true
PB14.Signal=GPIO_Output
PB3\ (JTDO/TRACESWO).Mode=Trace_Asynchronous_SW
PB3\ (JTDO/TRACESWO).Signal=SYS_JTDO-SWO
PB7.GPIOParameters=GPIO_Label
PB7.GPIO_Label=LD2[Blue]
PB7.Locked=true
PB7.Signal=GPIO_Output
PC0.Locked=true
PC0.Signal=GPIO_Output
PC13.GPIOParameters=GPIO_Label
PC13.GPIO_Label=USER_Btn[B1]
PC13.Locked=true
PC13.Signal=GPXTI13
PC7.GPIOParameters=GPIO_Label
PC7.GPIO_Label=LD1 [Green]
PC7.Locked=true
PC7.Signal=GPIO_Output
PD8.GPIOParameters=GPIO_Label
PD8.GPIO_Label=USART_TX
PD8.Locked=true
PD8.Mode=Asynchronous
PD8.Signal=USART3_TX
PD9.GPIOParameters=GPIO_Label
PD9.GPIO_Label=USART_RX
PD9.Locked=true
PD9.Mode=Asynchronous
PD9.Signal=USART3_RX
PE0.Locked=true
PE0.Signal=S_TIM16_CH1
PE14.Signal=S_TIM1_CH4
PF13.Locked=true
PF13.Signal=GPIO_Output
PG7.Locked=true
PG7.Mode=Asynchronous
PG7.Signal=LPUART1_TX
PG8.Locked=true
PG8.Mode=Asynchronous
PG8.Signal=LPUART1_RX
PinOutPanel.RotationAngle=0
ProjectManager.AskForMigrate=true
ProjectManager.BackupPrevious=false
ProjectManager.CompilerOptimize=6
ProjectManager.ComputerToolchain=false
ProjectManager.CoupleFile=false
ProjectManager.CustomerFirmwarePackage=
ProjectManager.DefaultFWLocation=true
ProjectManager.DeletePrevious=true
ProjectManager.DeviceId=STM32L496ZGTx
ProjectManager.FirmwarePackage=STM32Cube FW_L4 V1.18.1
ProjectManager.FreePins=false
ProjectManager.HalAssertFull=false
ProjectManager.HeapSize=0x200
ProjectManager.KeepUserCode=true
ProjectManager.LastFirmware=true
ProjectManager.LibraryCopy=1
ProjectManager.MainLocation=Core/Src
ProjectManager.NoMain=false
ProjectManager.PreviousToolchain=
ProjectManager.ProjectBuild=false
ProjectManager.ProjectFileName=HapticGloveWrite.ioc
ProjectManager.ProjectName=HapticGloveWrite
ProjectManager.ProjectStructure=
ProjectManager.RegisterCallBack=
ProjectManager.StackSize=0x400
ProjectManager.TargetToolchain=STM32CubeIDE
ProjectManager.ToolChainLocation=
ProjectManager.UAScriptAfterPath=
ProjectManager.UAScriptBeforePath=
ProjectManager.UnderRoot=true
ProjectManager.functionlistsort=1-SystemClock_Config-RCC-false-HAL-false,2-MX_GPIO_Init-GPIO-false-HAL-true,3-MX_USART3_UART_Init-USART3-false-HAL-true,4-MX_LPUART1_UART_Init-LPUART1-false-HAL-true,5-MX_TIM2_Init-TIM2-false-HAL-true,6-MX_TIM1_Init-TIM1-false-HAL-true,7-MX_TIM16_Init-TIM16-false-HAL-true
RCC.FamilyName=M
RCC.HSE_VALUE=8000000
RCC.HSI48_VALUE=48000000
RCC.HSI_VALUE=16000000
RCC.IPParameters=FamilyName,HSE_VALUE,HSI48_VALUE,HSI_VALUE,LSCOPinFreq_Value,LSE_VALUE,LSI_VALUE,MSI_VALUE,PLLPoutputFreq_Value,PLLQoutputFreq_Value,PLLRCLKFreq_Value,PLLSAI1PoutputFreq_Value,PLLSAI1QoutputFreq_Value,PLLSAI1RoutputFreq_Value,PLLSAI2PoutputFreq_Value,PLLSAI2RoutputFreq_Value,SAI1Freq_Value,SAI2Freq_Value,VCOInputFreq_Value,VCOOutputFreq_Value,VCOSAI1OutputFreq_Value,VCOSAI2OutputFreq_Value
RCC.LSCOPinFreq_Value=32000
RCC.LSE_VALUE=32768
RCC.LSI_VALUE=32000
RCC.MSI_VALUE=4000000
RCC.PLLPoutputFreq_Value=16000000
RCC.PLLQoutputFreq_Value=16000000
RCC.PLLRCLKFreq_Value=16000000
RCC.PLLSAI1PoutputFreq_Value=16000000
RCC.PLLSAI1QoutputFreq_Value=16000000
RCC.PLLSAI1RoutputFreq_Value=16000000
RCC.PLLSAI2PoutputFreq_Value=16000000
RCC.PLLSAI2RoutputFreq_Value=16000000
RCC.SAI1Freq_Value=16000000
RCC.SAI2Freq_Value=16000000
RCC.VCOInputFreq_Value=4000000
RCC.VCOOutputFreq_Value=32000000
RCC.VCOSAI1OutputFreq_Value=32000000
RCC.VCOSAI2OutputFreq_Value=32000000
SH.GPXTI13.0=GPIO_EXTI13
SH.GPXTI13.ConfNb=1
SH.GPXTI3.0=GPIO_EXTI3
SH.GPXTI3.ConfNb=1
SH.S_TIM16_CH1.0=TIM16_CH1,PWM Generation1 CH1
SH.S_TIM16_CH1.ConfNb=1
SH.S_TIM1_CH4.0=TIM1_CH4,PWM Generation4 CH4
SH.S_TIM1_CH4.ConfNb=1
SH.S_TIM2_CH3.0=TIM2_CH3,PWM Generation3 CH3
SH.S_TIM2_CH3.ConfNb=1
SH.S_TIM2_CH4.0=TIM2_CH4,PWM Generation4 CH4
SH.S_TIM2_CH4.ConfNb=1
SPI1.BaudRatePrescaler=SPI_BAUDRATEPRESCALER_8
SPI1.CLKPhase=SPI_PHASE_2EDGE
SPI1.CalculateBaudRate=500.0 KBits/s
SPI1.DataSize=SPI_DATASIZE_8BIT
SPI1.Direction=SPI_DIRECTION_2LINES
SPI1.IPParameters=VirtualType,Mode,Direction,CalculateBaudRate,DataSize,BaudRatePrescaler,CLKPhase
SPI1.Mode=SPI_MODE_MASTER
SPI1.VirtualType=VM_MASTER
STMicroelectronics.X-CUBE-BLE2.3.3.0.BLE2_DEBUG=1
STMicroelectronics.X-CUBE-BLE2.3.3.0.BLUENRG2_DEBUG=1
STMicroelectronics.X-CUBE-BLE2.3.3.0.BSP.number=4
STMicroelectronics.X-CUBE-BLE2.3.3.0.BlueNRGAa2CcWirelessJjBlueNRGAa2JjController=true
STMicroelectronics.X-CUBE-BLE2.3.3.0.BlueNRGAa2CcWirelessJjBlueNRGAa2JjHCIIiTL=Basic
STMicroelectronics.X-CUBE-BLE2.3.3.0.BlueNRGAa2CcWirelessJjBlueNRGAa2JjHCIIiTLIiINTERFACE=UserBoard
STMicroelectronics.X-CUBE-BLE2.3.3.0.BlueNRGAa2CcWirelessJjBlueNRGAa2JjUtils=true
STMicroelectronics.X-CUBE-BLE2.3.3.0.IPParameters=BLE2_DEBUG,BLUENRG2_DEBUG,PRINT_CSV_FORMAT,BlueNRGAa2CcWirelessJjBlueNRGAa2JjController,BlueNRGAa2CcWirelessJjBlueNRGAa2JjUtils,BlueNRGAa2CcWirelessJjBlueNRGAa2JjHCIIiTL,BlueNRGAa2CcWirelessJjBlueNRGAa2JjHCIIiTLIiINTERFACE
STMicroelectronics.X-CUBE-BLE2.3.3.0.PRINT_CSV_FORMAT=1
STMicroelectronics.X-CUBE-BLE2.3.3.0.WirelessJjBlueNRGAa2_Checked=true
STMicroelectronics.X-CUBE-BLE2.3.3.00.BSP.STBoard=false
STMicroelectronics.X-CUBE-BLE2.3.3.00.BSP.api=HAL_EXTI_DRIVER
STMicroelectronics.X-CUBE-BLE2.3.3.00.BSP.component=
STMicroelectronics.X-CUBE-BLE2.3.3.00.BSP.condition=SEMBlueNRGAa2CcWirelessJjBlueNRGAa2JjHCIIiTLIiINTERFACEJjUserBoard
STMicroelectronics.X-CUBE-BLE2.3.3.00.BSP.instance=PA3
STMicroelectronics.X-CUBE-BLE2.3.3.00.BSP.ip=GPIO
STMicroelectronics.X-CUBE-BLE2.3.3.00.BSP.mode=EXTI
STMicroelectronics.X-CUBE-BLE2.3.3.00.BSP.name=Exti Line
STMicroelectronics.X-CUBE-BLE2.3.3.00.BSP.semaphore=
STMicroelectronics.X-CUBE-BLE2.3.3.00.BSP.solution=PA3
STMicroelectronics.X-CUBE-BLE2.3.3.01.BSP.STBoard=false
STMicroelectronics.X-CUBE-BLE2.3.3.01.BSP.api=BSP_BUS_DRIVER
STMicroelectronics.X-CUBE-BLE2.3.3.01.BSP.component=
STMicroelectronics.X-CUBE-BLE2.3.3.01.BSP.condition=SEMBlueNRGAa2CcWirelessJjBlueNRGAa2JjHCIIiTLIiINTERFACEJjUserBoard
STMicroelectronics.X-CUBE-BLE2.3.3.01.BSP.instance=SPI1
STMicroelectronics.X-CUBE-BLE2.3.3.01.BSP.ip=SPI
STMicroelectronics.X-CUBE-BLE2.3.3.01.BSP.mode=Full-Duplex Master
STMicroelectronics.X-CUBE-BLE2.3.3.01.BSP.name=BUS IO driver
STMicroelectronics.X-CUBE-BLE2.3.3.01.BSP.semaphore=
STMicroelectronics.X-CUBE-BLE2.3.3.01.BSP.solution=SPI1
STMicroelectronics.X-CUBE-BLE2.3.3.02.BSP.STBoard=false
STMicroelectronics.X-CUBE-BLE2.3.3.02.BSP.api=Unknown
STMicroelectronics.X-CUBE-BLE2.3.3.02.BSP.component=
STMicroelectronics.X-CUBE-BLE2.3.3.02.BSP.condition=SEMBlueNRGAa2CcWirelessJjBlueNRGAa2JjHCIIiTLIiINTERFACEJjUserBoard
STMicroelectronics.X-CUBE-BLE2.3.3.02.BSP.instance=PC0
STMicroelectronics.X-CUBE-BLE2.3.3.02.BSP.ip=GPIO
STMicroelectronics.X-CUBE-BLE2.3.3.02.BSP.mode=Output
STMicroelectronics.X-CUBE-BLE2.3.3.02.BSP.name=CS Line
STMicroelectronics.X-CUBE-BLE2.3.3.02.BSP.semaphore=
STMicroelectronics.X-CUBE-BLE2.3.3.02.BSP.solution=PC0
STMicroelectronics.X-CUBE-BLE2.3.3.03.BSP.STBoard=false
STMicroelectronics.X-CUBE-BLE2.3.3.03.BSP.api=Unknown
STMicroelectronics.X-CUBE-BLE2.3.3.03.BSP.component=
STMicroelectronics.X-CUBE-BLE2.3.3.03.BSP.condition=SEMBlueNRGAa2CcWirelessJjBlueNRGAa2JjHCIIiTLIiINTERFACEJjUserBoard
STMicroelectronics.X-CUBE-BLE2.3.3.03.BSP.instance=PF13
STMicroelectronics.X-CUBE-BLE2.3.3.03.BSP.ip=GPIO
STMicroelectronics.X-CUBE-BLE2.3.3.03.BSP.mode=Output
STMicroelectronics.X-CUBE-BLE2.3.3.03.BSP.name=Reset Line
STMicroelectronics.X-CUBE-BLE2.3.3.03.BSP.semaphore=
STMicroelectronics.X-CUBE-BLE2.3.3.03.BSP.solution=PF13
STMicroelectronics.X-CUBE-BLE2.3.3.0_SwParameter=BlueNRGAa2CcWirelessJjBlueNRGAa2JjHCIIiTLIiINTERFACE\:UserBoard;BlueNRGAa2CcWirelessJjBlueNRGAa2JjUtils\:true;BlueNRGAa2CcWirelessJjBlueNRGAa2JjController\:true;BlueNRGAa2CcWirelessJjBlueNRGAa2JjHCIIiTL\:Basic;
TIM1.Channel-PWM\ Generation4\ CH4=TIM_CHANNEL_4
TIM1.IPParameters=Channel-PWM Generation4 CH4,Prescaler,Period,Pulse-PWM Generation4 CH4
TIM1.Period=24
TIM1.Prescaler=3
TIM1.Pulse-PWM\ Generation4\ CH4=23
TIM16.Channel=TIM_CHANNEL_1
TIM16.IPParameters=Channel,Prescaler,Period,Pulse
TIM16.Period=24
TIM16.Prescaler=3
TIM16.Pulse=23
TIM2.Channel-PWM\ Generation3\ CH3=TIM_CHANNEL_3
TIM2.Channel-PWM\ Generation4\ CH4=TIM_CHANNEL_4
TIM2.IPParameters=Channel-PWM Generation4 CH4,Prescaler,Period,Pulse-PWM Generation4 CH4,Channel-PWM Generation3 CH3,Pulse-PWM Generation3 CH3
TIM2.Period=24
TIM2.Prescaler=3
TIM2.Pulse-PWM\ Generation3\ CH3=23
TIM2.Pulse-PWM\ Generation4\ CH4=23
USART3.IPParameters=VirtualMode-Asynchronous
USART3.VirtualMode-Asynchronous=VM_ASYNC
VP_STMicroelectronics.X-CUBE-BLE2_VS_WirelessJjBlueNRGAa2_3.3.0.Mode=WirelessJjBlueNRGAa2
VP_STMicroelectronics.X-CUBE-BLE2_VS_WirelessJjBlueNRGAa2_3.3.0.Signal=STMicroelectronics.X-CUBE-BLE2_VS_WirelessJjBlueNRGAa2_3.3.0
VP_SYS_VS_Systick.Mode=SysTick
VP_SYS_VS_Systick.Signal=SYS_VS_Systick
VP_TIM16_VS_ClockSourceINT.Mode=Enable_Timer
VP_TIM16_VS_ClockSourceINT.Signal=TIM16_VS_ClockSourceINT
board=custom
isbadioc=false
